("quicklisp" .
 (:class qlot/source/dist:source-dist
  :initargs (:distribution "http://beta.quicklisp.org/dist/quicklisp.txt" :%version :latest)
  :version "2022-04-01"))
("clack" .
 (:class qlot/source/ql:source-ql
  :initargs (:%version :latest)
  :version "ql-2022-04-01"))
("fset" .
 (:class qlot/source/ql:source-ql
  :initargs (:%version :latest)
  :version "ql-2022-04-01"))
("flute" .
 (:class qlot/source/ql:source-ql
  :initargs (:%version :latest)
  :version "ql-2022-04-01"))
("uiop" .
 (:class qlot/source/ql:source-ql
  :initargs (:%version :latest)
  :version "ql-2022-04-01"))
("alexandria" .
 (:class qlot/source/ql:source-ql
  :initargs (:%version :latest)
  :version "ql-2022-04-01"))

